
Microsoft Visual Studio Solution File, Format Version 12.00
# Visual Studio Version 17
VisualStudioVersion = 17.7.34202.233
MinimumVisualStudioVersion = 10.0.40219.1
Project("{FAE04EC0-301F-11D3-BF4B-00C04F79EFBC}") = "ShapeAbstract", "ShapeAbstract\ShapeAbstract.csproj", "{8F4165DA-D85D-465E-92F0-D640C5FAAA71}"
EndProject
Global
	GlobalSection(SolutionConfigurationPlatforms) = preSolution
		Debug|Any CPU = Debug|Any CPU
		Release|Any CPU = Release|Any CPU
	EndGlobalSection
	GlobalSection(ProjectConfigurationPlatforms) = postSolution
		{8F4165DA-D85D-465E-92F0-D640C5FAAA71}.Debug|Any CPU.ActiveCfg = Debug|Any CPU
		{8F4165DA-D85D-465E-92F0-D640C5FAAA71}.Debug|Any CPU.Build.0 = Debug|Any CPU
		{8F4165DA-D85D-465E-92F0-D640C5FAAA71}.Release|Any CPU.ActiveCfg = Release|Any CPU
		{8F4165DA-D85D-465E-92F0-D640C5FAAA71}.Release|Any CPU.Build.0 = Release|Any CPU
	EndGlobalSection
	GlobalSection(SolutionProperties) = preSolution
		HideSolutionNode = FALSE
	EndGlobalSection
	GlobalSection(ExtensibilityGlobals) = postSolution
		SolutionGuid = {A223C48B-8D43-4581-BCFA-05DDCAAA2F14}
	EndGlobalSection
EndGlobal
